
Microsoft Visual Studio Solution File, Format Version 12.00
# Visual Studio Version 17
VisualStudioVersion = 17.8.34511.84
MinimumVisualStudioVersion = 10.0.40219.1
Project("{9A19103F-16F7-4668-BE54-9A1E7A4F7556}") = "Orders_ShoppingApp", "Orders_ShoppingApp\Orders_ShoppingApp.csproj", "{D379673A-5013-466B-AED1-64A698E530AF}"
EndProject
Project("{9A19103F-16F7-4668-BE54-9A1E7A4F7556}") = "OrderMicroservideTests", "OrderMicroservideTests\OrderMicroservideTests.csproj", "{214F9B75-12C6-4385-8D6B-37F9C4422086}"
EndProject
Project("{FAE04EC0-301F-11D3-BF4B-00C04F79EFBC}") = "CustomerService", "CustomerService\CustomerService.csproj", "{3CD652EF-754C-4230-9668-D2C030E8DF18}"
EndProject
Project("{FAE04EC0-301F-11D3-BF4B-00C04F79EFBC}") = "ShoppingGateWay", "ShoppingGateWay\ShoppingGateWay.csproj", "{6165280B-41BF-45C3-93E5-4BB139EDA501}"
EndProject
Project("{FAE04EC0-301F-11D3-BF4B-00C04F79EFBC}") = "OcelotGateWay", "OcelotGateWay\OcelotGateWay.csproj", "{2C7F7B51-D1DF-405B-AEDA-4ECCC7E2CEB7}"
EndProject
Global
	GlobalSection(SolutionConfigurationPlatforms) = preSolution
		Debug|Any CPU = Debug|Any CPU
		Release|Any CPU = Release|Any CPU
	EndGlobalSection
	GlobalSection(ProjectConfigurationPlatforms) = postSolution
		{D379673A-5013-466B-AED1-64A698E530AF}.Debug|Any CPU.ActiveCfg = Debug|Any CPU
		{D379673A-5013-466B-AED1-64A698E530AF}.Debug|Any CPU.Build.0 = Debug|Any CPU
		{D379673A-5013-466B-AED1-64A698E530AF}.Release|Any CPU.ActiveCfg = Release|Any CPU
		{D379673A-5013-466B-AED1-64A698E530AF}.Release|Any CPU.Build.0 = Release|Any CPU
		{214F9B75-12C6-4385-8D6B-37F9C4422086}.Debug|Any CPU.ActiveCfg = Debug|Any CPU
		{214F9B75-12C6-4385-8D6B-37F9C4422086}.Debug|Any CPU.Build.0 = Debug|Any CPU
		{214F9B75-12C6-4385-8D6B-37F9C4422086}.Release|Any CPU.ActiveCfg = Release|Any CPU
		{214F9B75-12C6-4385-8D6B-37F9C4422086}.Release|Any CPU.Build.0 = Release|Any CPU
		{3CD652EF-754C-4230-9668-D2C030E8DF18}.Debug|Any CPU.ActiveCfg = Debug|Any CPU
		{3CD652EF-754C-4230-9668-D2C030E8DF18}.Debug|Any CPU.Build.0 = Debug|Any CPU
		{3CD652EF-754C-4230-9668-D2C030E8DF18}.Release|Any CPU.ActiveCfg = Release|Any CPU
		{3CD652EF-754C-4230-9668-D2C030E8DF18}.Release|Any CPU.Build.0 = Release|Any CPU
		{6165280B-41BF-45C3-93E5-4BB139EDA501}.Debug|Any CPU.ActiveCfg = Debug|Any CPU
		{6165280B-41BF-45C3-93E5-4BB139EDA501}.Debug|Any CPU.Build.0 = Debug|Any CPU
		{6165280B-41BF-45C3-93E5-4BB139EDA501}.Release|Any CPU.ActiveCfg = Release|Any CPU
		{6165280B-41BF-45C3-93E5-4BB139EDA501}.Release|Any CPU.Build.0 = Release|Any CPU
		{2C7F7B51-D1DF-405B-AEDA-4ECCC7E2CEB7}.Debug|Any CPU.ActiveCfg = Debug|Any CPU
		{2C7F7B51-D1DF-405B-AEDA-4ECCC7E2CEB7}.Debug|Any CPU.Build.0 = Debug|Any CPU
		{2C7F7B51-D1DF-405B-AEDA-4ECCC7E2CEB7}.Release|Any CPU.ActiveCfg = Release|Any CPU
		{2C7F7B51-D1DF-405B-AEDA-4ECCC7E2CEB7}.Release|Any CPU.Build.0 = Release|Any CPU
	EndGlobalSection
	GlobalSection(SolutionProperties) = preSolution
		HideSolutionNode = FALSE
	EndGlobalSection
	GlobalSection(ExtensibilityGlobals) = postSolution
		SolutionGuid = {8272DCCC-DEDC-48F5-BF50-E9C6346C5864}
	EndGlobalSection
EndGlobal
